
Microsoft Visual Studio Solution File, Format Version 12.00
# Visual Studio Version 16
VisualStudioVersion = 16.0.33214.272
MinimumVisualStudioVersion = 10.0.40219.1
Project("{FAE04EC0-301F-11D3-BF4B-00C04F79EFBC}") = "Shnorr", "Shnorr.csproj", "{B7A8F97F-072C-4347-8AC7-185CD8B7F183}"
EndProject
Global
	GlobalSection(SolutionConfigurationPlatforms) = preSolution
		Debug|Any CPU = Debug|Any CPU
		Release|Any CPU = Release|Any CPU
	EndGlobalSection
	GlobalSection(ProjectConfigurationPlatforms) = postSolution
		{B7A8F97F-072C-4347-8AC7-185CD8B7F183}.Debug|Any CPU.ActiveCfg = Debug|Any CPU
		{B7A8F97F-072C-4347-8AC7-185CD8B7F183}.Debug|Any CPU.Build.0 = Debug|Any CPU
		{B7A8F97F-072C-4347-8AC7-185CD8B7F183}.Release|Any CPU.ActiveCfg = Release|Any CPU
		{B7A8F97F-072C-4347-8AC7-185CD8B7F183}.Release|Any CPU.Build.0 = Release|Any CPU
	EndGlobalSection
	GlobalSection(SolutionProperties) = preSolution
		HideSolutionNode = FALSE
	EndGlobalSection
	GlobalSection(ExtensibilityGlobals) = postSolution
		SolutionGuid = {984A3DBE-EE9B-435D-876A-A35B5059A595}
	EndGlobalSection
EndGlobal
